
Microsoft Visual Studio Solution File, Format Version 12.00
# Visual Studio 2013
VisualStudioVersion = 12.0.30110.0
MinimumVisualStudioVersion = 10.0.40219.1
Project("{FAE04EC0-301F-11D3-BF4B-00C04F79EFBC}") = "Server Responsive Image", "Server Responsive Image\Server Responsive Image.csproj", "{191BA7E9-9814-4F11-8EF1-24D073884166}"
EndProject
Global
	GlobalSection(SolutionConfigurationPlatforms) = preSolution
		Debug|Any CPU = Debug|Any CPU
		Release|Any CPU = Release|Any CPU
	EndGlobalSection
	GlobalSection(ProjectConfigurationPlatforms) = postSolution
		{191BA7E9-9814-4F11-8EF1-24D073884166}.Debug|Any CPU.ActiveCfg = Debug|Any CPU
		{191BA7E9-9814-4F11-8EF1-24D073884166}.Debug|Any CPU.Build.0 = Debug|Any CPU
		{191BA7E9-9814-4F11-8EF1-24D073884166}.Release|Any CPU.ActiveCfg = Release|Any CPU
		{191BA7E9-9814-4F11-8EF1-24D073884166}.Release|Any CPU.Build.0 = Release|Any CPU
	EndGlobalSection
	GlobalSection(SolutionProperties) = preSolution
		HideSolutionNode = FALSE
	EndGlobalSection
EndGlobal
